{
  "name": "numberscript",
  "version": "1.1.1",
  "lockfileVersion": 3,
  "requires": true,
  "packages": {
    "": {
      "name": "numberscript",
      "version": "1.1.1",
      "dependencies": {
        "mathjs": "^11.8.0",
        "nerdamer": "^1.1.13",
        "mathsteps": "^0.2.0",
        "nearley": "^2.20.1"
      },
      "devDependencies": {
        "@types/node": "^20.0.0",
        "@types/vscode": "^1.87.0",
        "ts-loader": "^9.5.0",
        "typescript": "^5.0.0",
        "webpack": "^5.101.3",
        "webpack-cli": "^5.0.0",
        "copy-webpack-plugin": "^11.0.0",
        "worker-loader": "^3.0.8",
        "nearley-loader": "^3.0.0",
        "style-loader": "^3.3.2",
        "css-loader": "^6.8.1",
        "raw-loader": "^4.0.2"
      }
    }
  }
}