{
  "name": "numberscript",
  "version": "1.0.0",
  "lockfileVersion": 3,
  "requires": true,
  "packages": {
    "": {
      "name": "numberscript",
      "version": "1.0.0",
      "dependencies": {
        "mathjs": "^11.8.0",
        "nerdamer": "^1.1.13",
        "mathsteps": "^0.2.0",
        "nearley": "^2.20.1"
      },
      "devDependencies": {
        "@types/node": "^20.0.0",
        "ts-loader": "^9.5.0",
        "typescript": "^5.0.0",
        "webpack": "^5.0.0",
        "webpack-cli": "^5.0.0",
        "copy-webpack-plugin": "^11.0.0"
      }
    }
  },
  "dependencies": {
    "mathjs": {
      "version": "11.8.0",
      "resolved": "",
      "integrity": "",
      "dev": false
    },
    "nerdamer": {
      "version": "1.1.13",
      "resolved": "",
      "integrity": "",
      "dev": false
    },
    "mathsteps": {
      "version": "0.2.0",
      "resolved": "",
      "integrity": "",
      "dev": false
    },
    "nearley": {
      "version": "2.20.1",
      "resolved": "",
      "integrity": "",
      "dev": false
    },
    "@types/node": {
      "version": "20.0.0",
      "resolved": "",
      "integrity": "",
      "dev": true
    },
    "ts-loader": {
      "version": "9.5.0",
      "resolved": "",
      "integrity": "",
      "dev": true
    },
    "typescript": {
      "version": "5.0.0",
      "resolved": "",
      "integrity": "",
      "dev": true
    },
    "webpack": {
      "version": "5.0.0",
      "resolved": "",
      "integrity": "",
      "dev": true
    },
    "webpack-cli": {
      "version": "5.0.0",
      "resolved": "",
      "integrity": "",
      "dev": true
    },
    "copy-webpack-plugin": {
      "version": "11.0.0",
      "resolved": "",
      "integrity": "",
      "dev": true
    }
  }
}
